
Microsoft Visual Studio Solution File, Format Version 12.00
# Visual Studio 15
VisualStudioVersion = 15.0.26124.0
MinimumVisualStudioVersion = 15.0.26124.0
Project("{FAE04EC0-301F-11D3-BF4B-00C04F79EFBC}") = "Scripts", "Scripts\Scripts.csproj", "{AC349492-F582-45E7-9667-7DD2C8C883DA}"
EndProject
Project("{FAE04EC0-301F-11D3-BF4B-00C04F79EFBC}") = "NunitTests", "NunitTests\NunitTests.csproj", "{5CDB5710-A21B-4065-97C8-26688D9309B5}"
EndProject
Global
	GlobalSection(SolutionConfigurationPlatforms) = preSolution
		Debug|Any CPU = Debug|Any CPU
		Debug|x64 = Debug|x64
		Debug|x86 = Debug|x86
		Release|Any CPU = Release|Any CPU
		Release|x64 = Release|x64
		Release|x86 = Release|x86
	EndGlobalSection
	GlobalSection(SolutionProperties) = preSolution
		HideSolutionNode = FALSE
	EndGlobalSection
	GlobalSection(ProjectConfigurationPlatforms) = postSolution
		{AC349492-F582-45E7-9667-7DD2C8C883DA}.Debug|Any CPU.ActiveCfg = Debug|Any CPU
		{AC349492-F582-45E7-9667-7DD2C8C883DA}.Debug|Any CPU.Build.0 = Debug|Any CPU
		{AC349492-F582-45E7-9667-7DD2C8C883DA}.Debug|x64.ActiveCfg = Debug|Any CPU
		{AC349492-F582-45E7-9667-7DD2C8C883DA}.Debug|x64.Build.0 = Debug|Any CPU
		{AC349492-F582-45E7-9667-7DD2C8C883DA}.Debug|x86.ActiveCfg = Debug|Any CPU
		{AC349492-F582-45E7-9667-7DD2C8C883DA}.Debug|x86.Build.0 = Debug|Any CPU
		{AC349492-F582-45E7-9667-7DD2C8C883DA}.Release|Any CPU.ActiveCfg = Release|Any CPU
		{AC349492-F582-45E7-9667-7DD2C8C883DA}.Release|Any CPU.Build.0 = Release|Any CPU
		{AC349492-F582-45E7-9667-7DD2C8C883DA}.Release|x64.ActiveCfg = Release|Any CPU
		{AC349492-F582-45E7-9667-7DD2C8C883DA}.Release|x64.Build.0 = Release|Any CPU
		{AC349492-F582-45E7-9667-7DD2C8C883DA}.Release|x86.ActiveCfg = Release|Any CPU
		{AC349492-F582-45E7-9667-7DD2C8C883DA}.Release|x86.Build.0 = Release|Any CPU
		{5CDB5710-A21B-4065-97C8-26688D9309B5}.Debug|Any CPU.ActiveCfg = Debug|Any CPU
		{5CDB5710-A21B-4065-97C8-26688D9309B5}.Debug|Any CPU.Build.0 = Debug|Any CPU
		{5CDB5710-A21B-4065-97C8-26688D9309B5}.Debug|x64.ActiveCfg = Debug|Any CPU
		{5CDB5710-A21B-4065-97C8-26688D9309B5}.Debug|x64.Build.0 = Debug|Any CPU
		{5CDB5710-A21B-4065-97C8-26688D9309B5}.Debug|x86.ActiveCfg = Debug|Any CPU
		{5CDB5710-A21B-4065-97C8-26688D9309B5}.Debug|x86.Build.0 = Debug|Any CPU
		{5CDB5710-A21B-4065-97C8-26688D9309B5}.Release|Any CPU.ActiveCfg = Release|Any CPU
		{5CDB5710-A21B-4065-97C8-26688D9309B5}.Release|Any CPU.Build.0 = Release|Any CPU
		{5CDB5710-A21B-4065-97C8-26688D9309B5}.Release|x64.ActiveCfg = Release|Any CPU
		{5CDB5710-A21B-4065-97C8-26688D9309B5}.Release|x64.Build.0 = Release|Any CPU
		{5CDB5710-A21B-4065-97C8-26688D9309B5}.Release|x86.ActiveCfg = Release|Any CPU
		{5CDB5710-A21B-4065-97C8-26688D9309B5}.Release|x86.Build.0 = Release|Any CPU
	EndGlobalSection
EndGlobal
